
Microsoft Visual Studio Solution File, Format Version 12.00
# Visual Studio Version 16
VisualStudioVersion = 16.0.31624.102
MinimumVisualStudioVersion = 10.0.40219.1
Project("{8BC9CEB8-8B4A-11D0-8D11-00A0C91BC942}") = "OOP 3.3C", "OOP 3.3C.vcxproj", "{4351A06E-316D-4AAA-8FA8-4769F6CDDC68}"
EndProject
Project("{8BC9CEB8-8B4A-11D0-8D11-00A0C91BC942}") = "UnitTest1", "..\UnitTest1\UnitTest1.vcxproj", "{5D4A37FE-B0A1-41D5-9D9D-493A488810CF}"
EndProject
Global
	GlobalSection(SolutionConfigurationPlatforms) = preSolution
		Debug|x64 = Debug|x64
		Debug|x86 = Debug|x86
		Release|x64 = Release|x64
		Release|x86 = Release|x86
	EndGlobalSection
	GlobalSection(ProjectConfigurationPlatforms) = postSolution
		{4351A06E-316D-4AAA-8FA8-4769F6CDDC68}.Debug|x64.ActiveCfg = Debug|x64
		{4351A06E-316D-4AAA-8FA8-4769F6CDDC68}.Debug|x64.Build.0 = Debug|x64
		{4351A06E-316D-4AAA-8FA8-4769F6CDDC68}.Debug|x86.ActiveCfg = Debug|Win32
		{4351A06E-316D-4AAA-8FA8-4769F6CDDC68}.Debug|x86.Build.0 = Debug|Win32
		{4351A06E-316D-4AAA-8FA8-4769F6CDDC68}.Release|x64.ActiveCfg = Release|x64
		{4351A06E-316D-4AAA-8FA8-4769F6CDDC68}.Release|x64.Build.0 = Release|x64
		{4351A06E-316D-4AAA-8FA8-4769F6CDDC68}.Release|x86.ActiveCfg = Release|Win32
		{4351A06E-316D-4AAA-8FA8-4769F6CDDC68}.Release|x86.Build.0 = Release|Win32
		{5D4A37FE-B0A1-41D5-9D9D-493A488810CF}.Debug|x64.ActiveCfg = Debug|x64
		{5D4A37FE-B0A1-41D5-9D9D-493A488810CF}.Debug|x64.Build.0 = Debug|x64
		{5D4A37FE-B0A1-41D5-9D9D-493A488810CF}.Debug|x86.ActiveCfg = Debug|Win32
		{5D4A37FE-B0A1-41D5-9D9D-493A488810CF}.Debug|x86.Build.0 = Debug|Win32
		{5D4A37FE-B0A1-41D5-9D9D-493A488810CF}.Release|x64.ActiveCfg = Release|x64
		{5D4A37FE-B0A1-41D5-9D9D-493A488810CF}.Release|x64.Build.0 = Release|x64
		{5D4A37FE-B0A1-41D5-9D9D-493A488810CF}.Release|x86.ActiveCfg = Release|Win32
		{5D4A37FE-B0A1-41D5-9D9D-493A488810CF}.Release|x86.Build.0 = Release|Win32
	EndGlobalSection
	GlobalSection(SolutionProperties) = preSolution
		HideSolutionNode = FALSE
	EndGlobalSection
	GlobalSection(ExtensibilityGlobals) = postSolution
		SolutionGuid = {7A1EEF3D-F858-46B0-A135-726A3A79E71B}
	EndGlobalSection
EndGlobal
